
Microsoft Visual Studio Solution File, Format Version 12.00
# Visual Studio 15
VisualStudioVersion = 15.0.28307.1433
MinimumVisualStudioVersion = 10.0.40219.1
Project("{FAE04EC0-301F-11D3-BF4B-00C04F79EFBC}") = "7.AES", "7.AES\7.AES.csproj", "{ADB985D8-0781-43EC-8DB5-A87EBF278A37}"
EndProject
Global
	GlobalSection(SolutionConfigurationPlatforms) = preSolution
		Debug|Any CPU = Debug|Any CPU
		Release|Any CPU = Release|Any CPU
	EndGlobalSection
	GlobalSection(ProjectConfigurationPlatforms) = postSolution
		{ADB985D8-0781-43EC-8DB5-A87EBF278A37}.Debug|Any CPU.ActiveCfg = Debug|Any CPU
		{ADB985D8-0781-43EC-8DB5-A87EBF278A37}.Debug|Any CPU.Build.0 = Debug|Any CPU
		{ADB985D8-0781-43EC-8DB5-A87EBF278A37}.Release|Any CPU.ActiveCfg = Release|Any CPU
		{ADB985D8-0781-43EC-8DB5-A87EBF278A37}.Release|Any CPU.Build.0 = Release|Any CPU
	EndGlobalSection
	GlobalSection(SolutionProperties) = preSolution
		HideSolutionNode = FALSE
	EndGlobalSection
	GlobalSection(ExtensibilityGlobals) = postSolution
		SolutionGuid = {014075D9-2991-49C0-BDDC-20F49443BA7D}
	EndGlobalSection
EndGlobal
